
Microsoft Visual Studio Solution File, Format Version 12.00
# Visual Studio Version 17
VisualStudioVersion = 17.4.33122.133
MinimumVisualStudioVersion = 10.0.40219.1
Project("{FAE04EC0-301F-11D3-BF4B-00C04F79EFBC}") = "Juan", "Juan\Juan.csproj", "{FF28D049-F72B-42B9-B5E5-B7616DE35133}"
EndProject
Global
	GlobalSection(SolutionConfigurationPlatforms) = preSolution
		Debug|Any CPU = Debug|Any CPU
		Release|Any CPU = Release|Any CPU
	EndGlobalSection
	GlobalSection(ProjectConfigurationPlatforms) = postSolution
		{FF28D049-F72B-42B9-B5E5-B7616DE35133}.Debug|Any CPU.ActiveCfg = Debug|Any CPU
		{FF28D049-F72B-42B9-B5E5-B7616DE35133}.Debug|Any CPU.Build.0 = Debug|Any CPU
		{FF28D049-F72B-42B9-B5E5-B7616DE35133}.Release|Any CPU.ActiveCfg = Release|Any CPU
		{FF28D049-F72B-42B9-B5E5-B7616DE35133}.Release|Any CPU.Build.0 = Release|Any CPU
	EndGlobalSection
	GlobalSection(SolutionProperties) = preSolution
		HideSolutionNode = FALSE
	EndGlobalSection
	GlobalSection(ExtensibilityGlobals) = postSolution
		SolutionGuid = {B8F3C109-99EC-42A7-B874-ADC3F3D3427B}
	EndGlobalSection
EndGlobal
